
Microsoft Visual Studio Solution File, Format Version 12.00
# Visual Studio Version 16
VisualStudioVersion = 16.0.31205.134
MinimumVisualStudioVersion = 10.0.40219.1
Project("{FAE04EC0-301F-11D3-BF4B-00C04F79EFBC}") = "Container", "Container\Container.csproj", "{CAAF3B9E-DDBD-4A3B-BC6B-FEB81E0E2915}"
EndProject
Project("{FAE04EC0-301F-11D3-BF4B-00C04F79EFBC}") = "DAL", "DAL\DAL.csproj", "{50D0E864-82BB-466D-9272-30A8C4DD1F08}"
EndProject
Project("{FAE04EC0-301F-11D3-BF4B-00C04F79EFBC}") = "Repository", "Repository\Repository.csproj", "{214F82E8-B77B-4B61-9267-383F295D7C30}"
EndProject
Global
	GlobalSection(SolutionConfigurationPlatforms) = preSolution
		Debug|Any CPU = Debug|Any CPU
		Release|Any CPU = Release|Any CPU
	EndGlobalSection
	GlobalSection(ProjectConfigurationPlatforms) = postSolution
		{CAAF3B9E-DDBD-4A3B-BC6B-FEB81E0E2915}.Debug|Any CPU.ActiveCfg = Debug|Any CPU
		{CAAF3B9E-DDBD-4A3B-BC6B-FEB81E0E2915}.Debug|Any CPU.Build.0 = Debug|Any CPU
		{CAAF3B9E-DDBD-4A3B-BC6B-FEB81E0E2915}.Release|Any CPU.ActiveCfg = Release|Any CPU
		{CAAF3B9E-DDBD-4A3B-BC6B-FEB81E0E2915}.Release|Any CPU.Build.0 = Release|Any CPU
		{50D0E864-82BB-466D-9272-30A8C4DD1F08}.Debug|Any CPU.ActiveCfg = Debug|Any CPU
		{50D0E864-82BB-466D-9272-30A8C4DD1F08}.Debug|Any CPU.Build.0 = Debug|Any CPU
		{50D0E864-82BB-466D-9272-30A8C4DD1F08}.Release|Any CPU.ActiveCfg = Release|Any CPU
		{50D0E864-82BB-466D-9272-30A8C4DD1F08}.Release|Any CPU.Build.0 = Release|Any CPU
		{214F82E8-B77B-4B61-9267-383F295D7C30}.Debug|Any CPU.ActiveCfg = Debug|Any CPU
		{214F82E8-B77B-4B61-9267-383F295D7C30}.Debug|Any CPU.Build.0 = Debug|Any CPU
		{214F82E8-B77B-4B61-9267-383F295D7C30}.Release|Any CPU.ActiveCfg = Release|Any CPU
		{214F82E8-B77B-4B61-9267-383F295D7C30}.Release|Any CPU.Build.0 = Release|Any CPU
	EndGlobalSection
	GlobalSection(SolutionProperties) = preSolution
		HideSolutionNode = FALSE
	EndGlobalSection
	GlobalSection(ExtensibilityGlobals) = postSolution
		SolutionGuid = {2BD49D67-C993-4AFE-9A60-B8D052002622}
	EndGlobalSection
EndGlobal
